
Microsoft Visual Studio Solution File, Format Version 12.00
# Visual Studio Version 17
VisualStudioVersion = 17.4.33110.190
MinimumVisualStudioVersion = 10.0.40219.1
Project("{9A19103F-16F7-4668-BE54-9A1E7A4F7556}") = "Calculator_Unit_Test", "Calculator_Unit_Test\Calculator_Unit_Test.csproj", "{51F9B20F-8A01-4FAA-AC49-C9A340B8FD50}"
EndProject
Project("{9A19103F-16F7-4668-BE54-9A1E7A4F7556}") = "Domain", "Domain\Domain.csproj", "{7B108ACB-6BBE-4FA7-85AF-9D1980CDCFE8}"
EndProject
Project("{FAE04EC0-301F-11D3-BF4B-00C04F79EFBC}") = "Web", "Web\Web.csproj", "{EBF40B91-A405-4746-8967-2E9E94AA52AD}"
EndProject
Global
	GlobalSection(SolutionConfigurationPlatforms) = preSolution
		Debug|Any CPU = Debug|Any CPU
		Release|Any CPU = Release|Any CPU
	EndGlobalSection
	GlobalSection(ProjectConfigurationPlatforms) = postSolution
		{51F9B20F-8A01-4FAA-AC49-C9A340B8FD50}.Debug|Any CPU.ActiveCfg = Debug|Any CPU
		{51F9B20F-8A01-4FAA-AC49-C9A340B8FD50}.Debug|Any CPU.Build.0 = Debug|Any CPU
		{51F9B20F-8A01-4FAA-AC49-C9A340B8FD50}.Release|Any CPU.ActiveCfg = Release|Any CPU
		{51F9B20F-8A01-4FAA-AC49-C9A340B8FD50}.Release|Any CPU.Build.0 = Release|Any CPU
		{7B108ACB-6BBE-4FA7-85AF-9D1980CDCFE8}.Debug|Any CPU.ActiveCfg = Debug|Any CPU
		{7B108ACB-6BBE-4FA7-85AF-9D1980CDCFE8}.Debug|Any CPU.Build.0 = Debug|Any CPU
		{7B108ACB-6BBE-4FA7-85AF-9D1980CDCFE8}.Release|Any CPU.ActiveCfg = Release|Any CPU
		{7B108ACB-6BBE-4FA7-85AF-9D1980CDCFE8}.Release|Any CPU.Build.0 = Release|Any CPU
		{EBF40B91-A405-4746-8967-2E9E94AA52AD}.Debug|Any CPU.ActiveCfg = Debug|Any CPU
		{EBF40B91-A405-4746-8967-2E9E94AA52AD}.Debug|Any CPU.Build.0 = Debug|Any CPU
		{EBF40B91-A405-4746-8967-2E9E94AA52AD}.Release|Any CPU.ActiveCfg = Release|Any CPU
		{EBF40B91-A405-4746-8967-2E9E94AA52AD}.Release|Any CPU.Build.0 = Release|Any CPU
	EndGlobalSection
	GlobalSection(SolutionProperties) = preSolution
		HideSolutionNode = FALSE
	EndGlobalSection
	GlobalSection(ExtensibilityGlobals) = postSolution
		SolutionGuid = {391A1749-401B-4E29-9FBF-30014D467FA8}
	EndGlobalSection
EndGlobal
